
Microsoft Visual Studio Solution File, Format Version 12.00
# Visual Studio Version 17
VisualStudioVersion = 17.0.31903.59
MinimumVisualStudioVersion = 10.0.40219.1
Project("{FAE04EC0-301F-11D3-BF4B-00C04F79EFBC}") = "Task5", "Task5\Task5.csproj", "{E8E8B993-9EF4-40BB-B83F-B858CA12CF1B}"
EndProject
Project("{FAE04EC0-301F-11D3-BF4B-00C04F79EFBC}") = "TestTask5", "TestTask5\TestTask5.csproj", "{7410F679-9089-44FD-ABE5-2CB348620E50}"
EndProject
Project("{FAE04EC0-301F-11D3-BF4B-00C04F79EFBC}") = "ExtraTask4", "ExtraTask4\ExtraTask4.csproj", "{929F63A8-B0FE-44CB-BE71-3E1462A9AD84}"
EndProject
Project("{FAE04EC0-301F-11D3-BF4B-00C04F79EFBC}") = "TestExtraTasks4", "TestExtraTasks4\TestExtraTasks4.csproj", "{794A9F30-E577-4842-84B1-7A72B49A815E}"
EndProject
Project("{FAE04EC0-301F-11D3-BF4B-00C04F79EFBC}") = "Task4", "Task4\Task4.csproj", "{F8FFEDF5-7E54-412E-9A44-7EB4F78019DD}"
EndProject
Project("{FAE04EC0-301F-11D3-BF4B-00C04F79EFBC}") = "TestTask4", "TestTask4\TestTask4.csproj", "{E2A99FC4-011A-4F48-98F4-9DD4579247A1}"
EndProject
Global
	GlobalSection(SolutionConfigurationPlatforms) = preSolution
		Debug|Any CPU = Debug|Any CPU
		Release|Any CPU = Release|Any CPU
	EndGlobalSection
	GlobalSection(SolutionProperties) = preSolution
		HideSolutionNode = FALSE
	EndGlobalSection
	GlobalSection(ProjectConfigurationPlatforms) = postSolution
		{E8E8B993-9EF4-40BB-B83F-B858CA12CF1B}.Debug|Any CPU.ActiveCfg = Debug|Any CPU
		{E8E8B993-9EF4-40BB-B83F-B858CA12CF1B}.Debug|Any CPU.Build.0 = Debug|Any CPU
		{E8E8B993-9EF4-40BB-B83F-B858CA12CF1B}.Release|Any CPU.ActiveCfg = Release|Any CPU
		{E8E8B993-9EF4-40BB-B83F-B858CA12CF1B}.Release|Any CPU.Build.0 = Release|Any CPU
		{7410F679-9089-44FD-ABE5-2CB348620E50}.Debug|Any CPU.ActiveCfg = Debug|Any CPU
		{7410F679-9089-44FD-ABE5-2CB348620E50}.Debug|Any CPU.Build.0 = Debug|Any CPU
		{7410F679-9089-44FD-ABE5-2CB348620E50}.Release|Any CPU.ActiveCfg = Release|Any CPU
		{7410F679-9089-44FD-ABE5-2CB348620E50}.Release|Any CPU.Build.0 = Release|Any CPU
		{929F63A8-B0FE-44CB-BE71-3E1462A9AD84}.Debug|Any CPU.ActiveCfg = Debug|Any CPU
		{929F63A8-B0FE-44CB-BE71-3E1462A9AD84}.Debug|Any CPU.Build.0 = Debug|Any CPU
		{929F63A8-B0FE-44CB-BE71-3E1462A9AD84}.Release|Any CPU.ActiveCfg = Release|Any CPU
		{929F63A8-B0FE-44CB-BE71-3E1462A9AD84}.Release|Any CPU.Build.0 = Release|Any CPU
		{794A9F30-E577-4842-84B1-7A72B49A815E}.Debug|Any CPU.ActiveCfg = Debug|Any CPU
		{794A9F30-E577-4842-84B1-7A72B49A815E}.Debug|Any CPU.Build.0 = Debug|Any CPU
		{794A9F30-E577-4842-84B1-7A72B49A815E}.Release|Any CPU.ActiveCfg = Release|Any CPU
		{794A9F30-E577-4842-84B1-7A72B49A815E}.Release|Any CPU.Build.0 = Release|Any CPU
		{F8FFEDF5-7E54-412E-9A44-7EB4F78019DD}.Debug|Any CPU.ActiveCfg = Debug|Any CPU
		{F8FFEDF5-7E54-412E-9A44-7EB4F78019DD}.Debug|Any CPU.Build.0 = Debug|Any CPU
		{F8FFEDF5-7E54-412E-9A44-7EB4F78019DD}.Release|Any CPU.ActiveCfg = Release|Any CPU
		{F8FFEDF5-7E54-412E-9A44-7EB4F78019DD}.Release|Any CPU.Build.0 = Release|Any CPU
		{E2A99FC4-011A-4F48-98F4-9DD4579247A1}.Debug|Any CPU.ActiveCfg = Debug|Any CPU
		{E2A99FC4-011A-4F48-98F4-9DD4579247A1}.Debug|Any CPU.Build.0 = Debug|Any CPU
		{E2A99FC4-011A-4F48-98F4-9DD4579247A1}.Release|Any CPU.ActiveCfg = Release|Any CPU
		{E2A99FC4-011A-4F48-98F4-9DD4579247A1}.Release|Any CPU.Build.0 = Release|Any CPU
	EndGlobalSection
EndGlobal
