
Microsoft Visual Studio Solution File, Format Version 12.00
# Visual Studio Version 17
VisualStudioVersion = 17.0.31903.59
MinimumVisualStudioVersion = 10.0.40219.1
Project("{FAE04EC0-301F-11D3-BF4B-00C04F79EFBC}") = "Task10", "Task10\Task10.csproj", "{8410D562-92A8-41C1-B9ED-71E8DBF7E812}"
EndProject
Project("{FAE04EC0-301F-11D3-BF4B-00C04F79EFBC}") = "TestTask10", "TestTask10\TestTask10.csproj", "{6C796004-4D15-4B9A-AEB3-25DB84AAE53A}"
EndProject
Project("{FAE04EC0-301F-11D3-BF4B-00C04F79EFBC}") = "Task11", "Task11\Task11.csproj", "{6809A06C-D3A9-4C40-9793-8BD7267FE425}"
EndProject
Project("{FAE04EC0-301F-11D3-BF4B-00C04F79EFBC}") = "TestTask11", "TestTask11\TestTask11.csproj", "{4DC26C4E-72A1-46E8-AC7E-809F345BBDAD}"
EndProject
Global
	GlobalSection(SolutionConfigurationPlatforms) = preSolution
		Debug|Any CPU = Debug|Any CPU
		Release|Any CPU = Release|Any CPU
	EndGlobalSection
	GlobalSection(SolutionProperties) = preSolution
		HideSolutionNode = FALSE
	EndGlobalSection
	GlobalSection(ProjectConfigurationPlatforms) = postSolution
		{8410D562-92A8-41C1-B9ED-71E8DBF7E812}.Debug|Any CPU.ActiveCfg = Debug|Any CPU
		{8410D562-92A8-41C1-B9ED-71E8DBF7E812}.Debug|Any CPU.Build.0 = Debug|Any CPU
		{8410D562-92A8-41C1-B9ED-71E8DBF7E812}.Release|Any CPU.ActiveCfg = Release|Any CPU
		{8410D562-92A8-41C1-B9ED-71E8DBF7E812}.Release|Any CPU.Build.0 = Release|Any CPU
		{6C796004-4D15-4B9A-AEB3-25DB84AAE53A}.Debug|Any CPU.ActiveCfg = Debug|Any CPU
		{6C796004-4D15-4B9A-AEB3-25DB84AAE53A}.Debug|Any CPU.Build.0 = Debug|Any CPU
		{6C796004-4D15-4B9A-AEB3-25DB84AAE53A}.Release|Any CPU.ActiveCfg = Release|Any CPU
		{6C796004-4D15-4B9A-AEB3-25DB84AAE53A}.Release|Any CPU.Build.0 = Release|Any CPU
		{6809A06C-D3A9-4C40-9793-8BD7267FE425}.Debug|Any CPU.ActiveCfg = Debug|Any CPU
		{6809A06C-D3A9-4C40-9793-8BD7267FE425}.Debug|Any CPU.Build.0 = Debug|Any CPU
		{6809A06C-D3A9-4C40-9793-8BD7267FE425}.Release|Any CPU.ActiveCfg = Release|Any CPU
		{6809A06C-D3A9-4C40-9793-8BD7267FE425}.Release|Any CPU.Build.0 = Release|Any CPU
		{4DC26C4E-72A1-46E8-AC7E-809F345BBDAD}.Debug|Any CPU.ActiveCfg = Debug|Any CPU
		{4DC26C4E-72A1-46E8-AC7E-809F345BBDAD}.Debug|Any CPU.Build.0 = Debug|Any CPU
		{4DC26C4E-72A1-46E8-AC7E-809F345BBDAD}.Release|Any CPU.ActiveCfg = Release|Any CPU
		{4DC26C4E-72A1-46E8-AC7E-809F345BBDAD}.Release|Any CPU.Build.0 = Release|Any CPU
	EndGlobalSection
EndGlobal
